
Microsoft Visual Studio Solution File, Format Version 12.00
# Visual Studio Version 17
VisualStudioVersion = 17.14.36414.22 d17.14
MinimumVisualStudioVersion = 10.0.40219.1
Project("{FAE04EC0-301F-11D3-BF4B-00C04F79EFBC}") = "StockAppPractice", "StockAppPractice\StockAppPractice.csproj", "{95CD8D8D-E2BC-4765-8B55-8BDC2C793B7C}"
EndProject
Project("{FAE04EC0-301F-11D3-BF4B-00C04F79EFBC}") = "ServiceContract", "ServiceContract\ServiceContract.csproj", "{9855A968-399C-48F9-A268-8616DC89FDFF}"
EndProject
Project("{FAE04EC0-301F-11D3-BF4B-00C04F79EFBC}") = "Service", "Service\Service.csproj", "{BB5CEECB-CC9B-4797-A6ED-0FA0009D05CB}"
EndProject
Global
	GlobalSection(SolutionConfigurationPlatforms) = preSolution
		Debug|Any CPU = Debug|Any CPU
		Release|Any CPU = Release|Any CPU
	EndGlobalSection
	GlobalSection(ProjectConfigurationPlatforms) = postSolution
		{95CD8D8D-E2BC-4765-8B55-8BDC2C793B7C}.Debug|Any CPU.ActiveCfg = Debug|Any CPU
		{95CD8D8D-E2BC-4765-8B55-8BDC2C793B7C}.Debug|Any CPU.Build.0 = Debug|Any CPU
		{95CD8D8D-E2BC-4765-8B55-8BDC2C793B7C}.Release|Any CPU.ActiveCfg = Release|Any CPU
		{95CD8D8D-E2BC-4765-8B55-8BDC2C793B7C}.Release|Any CPU.Build.0 = Release|Any CPU
		{9855A968-399C-48F9-A268-8616DC89FDFF}.Debug|Any CPU.ActiveCfg = Debug|Any CPU
		{9855A968-399C-48F9-A268-8616DC89FDFF}.Debug|Any CPU.Build.0 = Debug|Any CPU
		{9855A968-399C-48F9-A268-8616DC89FDFF}.Release|Any CPU.ActiveCfg = Release|Any CPU
		{9855A968-399C-48F9-A268-8616DC89FDFF}.Release|Any CPU.Build.0 = Release|Any CPU
		{BB5CEECB-CC9B-4797-A6ED-0FA0009D05CB}.Debug|Any CPU.ActiveCfg = Debug|Any CPU
		{BB5CEECB-CC9B-4797-A6ED-0FA0009D05CB}.Debug|Any CPU.Build.0 = Debug|Any CPU
		{BB5CEECB-CC9B-4797-A6ED-0FA0009D05CB}.Release|Any CPU.ActiveCfg = Release|Any CPU
		{BB5CEECB-CC9B-4797-A6ED-0FA0009D05CB}.Release|Any CPU.Build.0 = Release|Any CPU
	EndGlobalSection
	GlobalSection(SolutionProperties) = preSolution
		HideSolutionNode = FALSE
	EndGlobalSection
	GlobalSection(ExtensibilityGlobals) = postSolution
		SolutionGuid = {3C84A107-72C5-4D33-B567-29E603461B81}
	EndGlobalSection
EndGlobal
