
Microsoft Visual Studio Solution File, Format Version 12.00
# Visual Studio Version 17
VisualStudioVersion = 17.14.36414.22 d17.14
MinimumVisualStudioVersion = 10.0.40219.1
Project("{FAE04EC0-301F-11D3-BF4B-00C04F79EFBC}") = "ControllersExample", "ControllersExample.csproj", "{DFF5748E-43E8-4FDC-8024-8499984DD70F}"
EndProject
Global
	GlobalSection(SolutionConfigurationPlatforms) = preSolution
		Debug|Any CPU = Debug|Any CPU
		Release|Any CPU = Release|Any CPU
	EndGlobalSection
	GlobalSection(ProjectConfigurationPlatforms) = postSolution
		{DFF5748E-43E8-4FDC-8024-8499984DD70F}.Debug|Any CPU.ActiveCfg = Debug|Any CPU
		{DFF5748E-43E8-4FDC-8024-8499984DD70F}.Debug|Any CPU.Build.0 = Debug|Any CPU
		{DFF5748E-43E8-4FDC-8024-8499984DD70F}.Release|Any CPU.ActiveCfg = Release|Any CPU
		{DFF5748E-43E8-4FDC-8024-8499984DD70F}.Release|Any CPU.Build.0 = Release|Any CPU
	EndGlobalSection
	GlobalSection(SolutionProperties) = preSolution
		HideSolutionNode = FALSE
	EndGlobalSection
	GlobalSection(ExtensibilityGlobals) = postSolution
		SolutionGuid = {BA5519FF-B115-4E87-BC6F-96E064188533}
	EndGlobalSection
EndGlobal
