
Microsoft Visual Studio Solution File, Format Version 12.00
# Visual Studio Version 17
VisualStudioVersion = 17.14.36414.22 d17.14
MinimumVisualStudioVersion = 10.0.40219.1
Project("{FAE04EC0-301F-11D3-BF4B-00C04F79EFBC}") = "MiddlewareExample", "MiddlewareExample.csproj", "{EAF6EA43-F572-4342-A983-82CF1F0607C1}"
EndProject
Global
	GlobalSection(SolutionConfigurationPlatforms) = preSolution
		Debug|Any CPU = Debug|Any CPU
		Release|Any CPU = Release|Any CPU
	EndGlobalSection
	GlobalSection(ProjectConfigurationPlatforms) = postSolution
		{EAF6EA43-F572-4342-A983-82CF1F0607C1}.Debug|Any CPU.ActiveCfg = Debug|Any CPU
		{EAF6EA43-F572-4342-A983-82CF1F0607C1}.Debug|Any CPU.Build.0 = Debug|Any CPU
		{EAF6EA43-F572-4342-A983-82CF1F0607C1}.Release|Any CPU.ActiveCfg = Release|Any CPU
		{EAF6EA43-F572-4342-A983-82CF1F0607C1}.Release|Any CPU.Build.0 = Release|Any CPU
	EndGlobalSection
	GlobalSection(SolutionProperties) = preSolution
		HideSolutionNode = FALSE
	EndGlobalSection
	GlobalSection(ExtensibilityGlobals) = postSolution
		SolutionGuid = {CB886026-25B0-4577-AE6E-13303A03E784}
	EndGlobalSection
EndGlobal
