
Microsoft Visual Studio Solution File, Format Version 12.00
# Visual Studio Version 17
VisualStudioVersion = 17.14.36414.22 d17.14
MinimumVisualStudioVersion = 10.0.40219.1
Project("{FAE04EC0-301F-11D3-BF4B-00C04F79EFBC}") = "StocksAppWithConfiguration", "StocksAppWithConfiguration\StocksAppWithConfiguration.csproj", "{C23589CC-6539-4CAB-90C7-7DFFD551669F}"
EndProject
Project("{FAE04EC0-301F-11D3-BF4B-00C04F79EFBC}") = "ServiceContract", "IFinnhubService\ServiceContract.csproj", "{B47FCB2E-F6AF-479B-8612-3D7C149BB3DF}"
EndProject
Project("{FAE04EC0-301F-11D3-BF4B-00C04F79EFBC}") = "Services", "FinnhubService\Services.csproj", "{0A67D6F7-9A3B-4CD1-B320-463BA9C8979F}"
EndProject
Project("{2150E333-8FDC-42A3-9474-1A3956D46DE8}") = "Solution Items", "Solution Items", "{8EC462FD-D22E-90A8-E5CE-7E832BA40C5D}"
	ProjectSection(SolutionItems) = preProject
		.gitignore = .gitignore
	EndProjectSection
EndProject
Global
	GlobalSection(SolutionConfigurationPlatforms) = preSolution
		Debug|Any CPU = Debug|Any CPU
		Release|Any CPU = Release|Any CPU
	EndGlobalSection
	GlobalSection(ProjectConfigurationPlatforms) = postSolution
		{C23589CC-6539-4CAB-90C7-7DFFD551669F}.Debug|Any CPU.ActiveCfg = Debug|Any CPU
		{C23589CC-6539-4CAB-90C7-7DFFD551669F}.Debug|Any CPU.Build.0 = Debug|Any CPU
		{C23589CC-6539-4CAB-90C7-7DFFD551669F}.Release|Any CPU.ActiveCfg = Release|Any CPU
		{C23589CC-6539-4CAB-90C7-7DFFD551669F}.Release|Any CPU.Build.0 = Release|Any CPU
		{B47FCB2E-F6AF-479B-8612-3D7C149BB3DF}.Debug|Any CPU.ActiveCfg = Debug|Any CPU
		{B47FCB2E-F6AF-479B-8612-3D7C149BB3DF}.Debug|Any CPU.Build.0 = Debug|Any CPU
		{B47FCB2E-F6AF-479B-8612-3D7C149BB3DF}.Release|Any CPU.ActiveCfg = Release|Any CPU
		{B47FCB2E-F6AF-479B-8612-3D7C149BB3DF}.Release|Any CPU.Build.0 = Release|Any CPU
		{0A67D6F7-9A3B-4CD1-B320-463BA9C8979F}.Debug|Any CPU.ActiveCfg = Debug|Any CPU
		{0A67D6F7-9A3B-4CD1-B320-463BA9C8979F}.Debug|Any CPU.Build.0 = Debug|Any CPU
		{0A67D6F7-9A3B-4CD1-B320-463BA9C8979F}.Release|Any CPU.ActiveCfg = Release|Any CPU
		{0A67D6F7-9A3B-4CD1-B320-463BA9C8979F}.Release|Any CPU.Build.0 = Release|Any CPU
	EndGlobalSection
	GlobalSection(SolutionProperties) = preSolution
		HideSolutionNode = FALSE
	EndGlobalSection
	GlobalSection(ExtensibilityGlobals) = postSolution
		SolutionGuid = {C0060C32-B5E6-4CDF-A25F-EAEBBC9C9726}
	EndGlobalSection
EndGlobal
