
Microsoft Visual Studio Solution File, Format Version 12.00
# Visual Studio Version 17
VisualStudioVersion = 17.14.36414.22
MinimumVisualStudioVersion = 10.0.40219.1
Project("{FAE04EC0-301F-11D3-BF4B-00C04F79EFBC}") = "ConfigurationExamples", "ConfigurationExamples\ConfigurationExamples.csproj", "{DBAF1735-293C-448C-8A01-78ED5771AFF9}"
EndProject
Project("{FAE04EC0-301F-11D3-BF4B-00C04F79EFBC}") = "StockApp", "StockApp\StockApp.csproj", "{31C3DD25-E6EF-470B-94D3-8FB2CD0A7283}"
EndProject
Global
	GlobalSection(SolutionConfigurationPlatforms) = preSolution
		Debug|Any CPU = Debug|Any CPU
		Release|Any CPU = Release|Any CPU
	EndGlobalSection
	GlobalSection(ProjectConfigurationPlatforms) = postSolution
		{DBAF1735-293C-448C-8A01-78ED5771AFF9}.Debug|Any CPU.ActiveCfg = Debug|Any CPU
		{DBAF1735-293C-448C-8A01-78ED5771AFF9}.Debug|Any CPU.Build.0 = Debug|Any CPU
		{DBAF1735-293C-448C-8A01-78ED5771AFF9}.Release|Any CPU.ActiveCfg = Release|Any CPU
		{DBAF1735-293C-448C-8A01-78ED5771AFF9}.Release|Any CPU.Build.0 = Release|Any CPU
		{31C3DD25-E6EF-470B-94D3-8FB2CD0A7283}.Debug|Any CPU.ActiveCfg = Debug|Any CPU
		{31C3DD25-E6EF-470B-94D3-8FB2CD0A7283}.Debug|Any CPU.Build.0 = Debug|Any CPU
		{31C3DD25-E6EF-470B-94D3-8FB2CD0A7283}.Release|Any CPU.ActiveCfg = Release|Any CPU
		{31C3DD25-E6EF-470B-94D3-8FB2CD0A7283}.Release|Any CPU.Build.0 = Release|Any CPU
	EndGlobalSection
	GlobalSection(SolutionProperties) = preSolution
		HideSolutionNode = FALSE
	EndGlobalSection
	GlobalSection(ExtensibilityGlobals) = postSolution
		SolutionGuid = {096B7FBD-AE74-49C8-A2B1-B64D7D790CF5}
	EndGlobalSection
EndGlobal
