
Microsoft Visual Studio Solution File, Format Version 12.00
# Visual Studio Version 17
VisualStudioVersion = 17.14.36414.22 d17.14
MinimumVisualStudioVersion = 10.0.40219.1
Project("{FAE04EC0-301F-11D3-BF4B-00C04F79EFBC}") = "e-Commerce_Orders_App", "e-Commerce_Orders_App.csproj", "{B890BBE8-5913-4F28-8C6A-55EB621A16B6}"
EndProject
Global
	GlobalSection(SolutionConfigurationPlatforms) = preSolution
		Debug|Any CPU = Debug|Any CPU
		Release|Any CPU = Release|Any CPU
	EndGlobalSection
	GlobalSection(ProjectConfigurationPlatforms) = postSolution
		{B890BBE8-5913-4F28-8C6A-55EB621A16B6}.Debug|Any CPU.ActiveCfg = Debug|Any CPU
		{B890BBE8-5913-4F28-8C6A-55EB621A16B6}.Debug|Any CPU.Build.0 = Debug|Any CPU
		{B890BBE8-5913-4F28-8C6A-55EB621A16B6}.Release|Any CPU.ActiveCfg = Release|Any CPU
		{B890BBE8-5913-4F28-8C6A-55EB621A16B6}.Release|Any CPU.Build.0 = Release|Any CPU
	EndGlobalSection
	GlobalSection(SolutionProperties) = preSolution
		HideSolutionNode = FALSE
	EndGlobalSection
	GlobalSection(ExtensibilityGlobals) = postSolution
		SolutionGuid = {BB71948E-CF58-4F13-A33B-438F2B66FEDD}
	EndGlobalSection
EndGlobal
